
Microsoft Visual Studio Solution File, Format Version 12.00
# Visual Studio Version 17
VisualStudioVersion = 17.8.34525.116
MinimumVisualStudioVersion = 10.0.40219.1
Project("{9A19103F-16F7-4668-BE54-9A1E7A4F7556}") = "Workaround", "Workaround\Workaround.csproj", "{7EE7AF01-648D-447D-AE69-53CDFB43CED1}"
EndProject
Project("{FAE04EC0-301F-11D3-BF4B-00C04F79EFBC}") = "Entities", "Entities\Entities.csproj", "{E4A43B00-DD31-45B6-AD1D-031F928C4186}"
EndProject
Project("{FAE04EC0-301F-11D3-BF4B-00C04F79EFBC}") = "Business", "Business\Business.csproj", "{8F335621-51CD-4486-B986-A3DA665F7A8C}"
EndProject
Global
	GlobalSection(SolutionConfigurationPlatforms) = preSolution
		Debug|Any CPU = Debug|Any CPU
		Release|Any CPU = Release|Any CPU
	EndGlobalSection
	GlobalSection(ProjectConfigurationPlatforms) = postSolution
		{7EE7AF01-648D-447D-AE69-53CDFB43CED1}.Debug|Any CPU.ActiveCfg = Debug|Any CPU
		{7EE7AF01-648D-447D-AE69-53CDFB43CED1}.Debug|Any CPU.Build.0 = Debug|Any CPU
		{7EE7AF01-648D-447D-AE69-53CDFB43CED1}.Release|Any CPU.ActiveCfg = Release|Any CPU
		{7EE7AF01-648D-447D-AE69-53CDFB43CED1}.Release|Any CPU.Build.0 = Release|Any CPU
		{E4A43B00-DD31-45B6-AD1D-031F928C4186}.Debug|Any CPU.ActiveCfg = Debug|Any CPU
		{E4A43B00-DD31-45B6-AD1D-031F928C4186}.Debug|Any CPU.Build.0 = Debug|Any CPU
		{E4A43B00-DD31-45B6-AD1D-031F928C4186}.Release|Any CPU.ActiveCfg = Release|Any CPU
		{E4A43B00-DD31-45B6-AD1D-031F928C4186}.Release|Any CPU.Build.0 = Release|Any CPU
		{8F335621-51CD-4486-B986-A3DA665F7A8C}.Debug|Any CPU.ActiveCfg = Debug|Any CPU
		{8F335621-51CD-4486-B986-A3DA665F7A8C}.Debug|Any CPU.Build.0 = Debug|Any CPU
		{8F335621-51CD-4486-B986-A3DA665F7A8C}.Release|Any CPU.ActiveCfg = Release|Any CPU
		{8F335621-51CD-4486-B986-A3DA665F7A8C}.Release|Any CPU.Build.0 = Release|Any CPU
	EndGlobalSection
	GlobalSection(SolutionProperties) = preSolution
		HideSolutionNode = FALSE
	EndGlobalSection
	GlobalSection(ExtensibilityGlobals) = postSolution
		SolutionGuid = {41B3A164-0B1B-4BF7-9A8F-239A5F2A990E}
	EndGlobalSection
EndGlobal
